// !$*UTF8*$!
{
	archiveVersion = 1;
	classes = {
	};
	objectVersion = 38;
	objects = {
		014CEA4F0018CE4811CA2923 = {
			buildRules = (
			);
			buildSettings = {
				COPY_PHASE_STRIP = NO;
				OPTIMIZATION_CFLAGS = "-O0";
				OTHER_CFLAGS = "\U0001-DXP_UNIX -DDEBUG=1 -DCOCOA_Foundation_LIBRARY=1 -DNeXT_Foundation_LIBRARY=1 -DNeXT_RUNTIME=1 -DAPPLE_RUNTIME=1 -DLIBRARY_MAJOR_VERSION=4  -DLIBRARY_MINOR_VERSION=2 -Wno-protocol -DCOMPILE_AS_FRAMEWORK=1 -DAPPLE_Foundation_LIBRARY=1";
			};
			isa = PBXBuildStyle;
			name = Development;
		};
		014CEA500018CE4811CA2923 = {
			buildRules = (
			);
			buildSettings = {
				COPY_PHASE_STRIP = YES;
				OTHER_CFLAGS = "\U0001-DXP_UNIX -DDEBUG=1 -DCOCOA_Foundation_LIBRARY=1 -DNeXT_Foundation_LIBRARY=1 -DNeXT_RUNTIME=1 -DAPPLE_RUNTIME=1 -DLIBRARY_MAJOR_VERSION=4  -DLIBRARY_MINOR_VERSION=2 -Wno-protocol -DCOMPILE_AS_FRAMEWORK=1 -DAPPLE_Foundation_LIBRARY=1";
			};
			isa = PBXBuildStyle;
			name = Deployment;
		};
//010
//011
//012
//013
//014
//030
//031
//032
//033
//034
		034768E6FF38A76511DB9C8B = {
			isa = PBXExecutableFileReference;
			path = skyxmlrpcd;
			refType = 3;
		};
//030
//031
//032
//033
//034
//080
//081
//082
//083
//084
		08FB7793FE84155DC02AAC07 = {
			buildStyles = (
				014CEA4F0018CE4811CA2923,
				014CEA500018CE4811CA2923,
			);
			hasScannedForEncodings = 1;
			isa = PBXProject;
			mainGroup = 08FB7794FE84155DC02AAC07;
			projectDirPath = "";
			targets = (
				08FB779FFE84155DC02AAC07,
			);
		};
		08FB7794FE84155DC02AAC07 = {
			children = (
				E879693A03E72CA300A865E9,
				E879696903E72CA300A865E9,
				E879699C03E72CAF00A865E9,
				E879699E03E72CF900A865E9,
				E879699D03E72CB700A865E9,
				08FB7795FE84155DC02AAC07,
				E879699F03E72D1100A865E9,
				08FB779DFE84155DC02AAC07,
				E87969B003E72F3200A865E9,
				1AB674ADFE9D54B511CA2CBB,
			);
			isa = PBXGroup;
			name = skyxmlrpcd;
			refType = 4;
		};
		08FB7795FE84155DC02AAC07 = {
			children = (
				E879693B03E72CA300A865E9,
				E879693903E72CA300A865E9,
				E879695E03E72CA300A865E9,
				E879693D03E72CA300A865E9,
				E8F51ACB03FE450800A865E9,
				E879693E03E72CA300A865E9,
				E879693F03E72CA300A865E9,
				E879694003E72CA300A865E9,
				E879694103E72CA300A865E9,
				E879694203E72CA300A865E9,
				E879694303E72CA300A865E9,
				E879694403E72CA300A865E9,
				E879694503E72CA300A865E9,
				E8F51ACC03FE450800A865E9,
				E879694603E72CA300A865E9,
				E879694703E72CA300A865E9,
				E879694903E72CA300A865E9,
				E879694D03E72CA300A865E9,
				E879694F03E72CA300A865E9,
				E879695103E72CA300A865E9,
				E879695303E72CA300A865E9,
			);
			isa = PBXGroup;
			name = Source;
			refType = 4;
		};
		08FB779DFE84155DC02AAC07 = {
			children = (
				08FB779EFE84155DC02AAC07,
				E879692C03E72C6D00A865E9,
				E879693103E72C6D00A865E9,
				E879692F03E72C6D00A865E9,
				E879693003E72C6D00A865E9,
				E87969A003E72D7200A865E9,
			);
			isa = PBXGroup;
			name = "Core Frameworks";
			refType = 4;
		};
		08FB779EFE84155DC02AAC07 = {
			isa = PBXFrameworkReference;
			name = Foundation.framework;
			path = /System/Library/Frameworks/Foundation.framework;
			refType = 0;
		};
		08FB779FFE84155DC02AAC07 = {
			buildPhases = (
				08FB77A0FE84155DC02AAC07,
				08FB77A1FE84155DC02AAC07,
				08FB77A3FE84155DC02AAC07,
				08FB77A5FE84155DC02AAC07,
				C6859EA4029092FD04C91782,
			);
			buildSettings = {
				FRAMEWORK_SEARCH_PATHS = /Volumes/Users/helge/build;
				HEADER_SEARCH_PATHS = "";
				INSTALL_PATH = "$(HOME)/bin";
				LIBRARY_SEARCH_PATHS = "";
				OPTIMIZATION_CFLAGS = "-O";
				OTHER_CFLAGS = "";
				OTHER_LDFLAGS = "";
				OTHER_REZFLAGS = "";
				PREBINDING = NO;
				PRODUCT_NAME = skyxmlrpcd;
				REZ_EXECUTABLE = YES;
				SECTORDER_FLAGS = "";
				WARNING_CFLAGS = "-Wmost -Wno-four-char-constants -Wno-unknown-pragmas";
			};
			dependencies = (
			);
			isa = PBXToolTarget;
			name = skyxmlrpcd;
			productInstallPath = "$(HOME)/bin";
			productName = skyxmlrpcd;
			productReference = 034768E6FF38A76511DB9C8B;
		};
		08FB77A0FE84155DC02AAC07 = {
			buildActionMask = 2147483647;
			files = (
				E879696A03E72CA300A865E9,
				E879696D03E72CA300A865E9,
				E879696E03E72CA300A865E9,
				E879697A03E72CA300A865E9,
				E879697E03E72CA300A865E9,
				E879698003E72CA300A865E9,
				E879698203E72CA300A865E9,
				E879698403E72CA300A865E9,
				E879698F03E72CA300A865E9,
				E8F51AD003FE450800A865E9,
			);
			isa = PBXHeadersBuildPhase;
			runOnlyForDeploymentPostprocessing = 0;
		};
		08FB77A1FE84155DC02AAC07 = {
			buildActionMask = 2147483647;
			files = (
				E879696B03E72CA300A865E9,
				E879696F03E72CA300A865E9,
				E879697003E72CA300A865E9,
				E879697103E72CA300A865E9,
				E879697203E72CA300A865E9,
				E879697303E72CA300A865E9,
				E879697403E72CA300A865E9,
				E879697503E72CA300A865E9,
				E879697603E72CA300A865E9,
				E879697703E72CA300A865E9,
				E879697803E72CA300A865E9,
				E879697903E72CA300A865E9,
				E879697B03E72CA300A865E9,
				E879697F03E72CA300A865E9,
				E879698103E72CA300A865E9,
				E879698303E72CA300A865E9,
				E879698503E72CA300A865E9,
				E879699003E72CA300A865E9,
				E879699103E72CA300A865E9,
				E879699203E72CA300A865E9,
				E879699303E72CA300A865E9,
				E879699403E72CA300A865E9,
				E879699503E72CA300A865E9,
				E879699603E72CA300A865E9,
				E879699703E72CA300A865E9,
				E879699803E72CA300A865E9,
				E879699903E72CA300A865E9,
				E879699A03E72CA300A865E9,
				E879699B03E72CA300A865E9,
				E8F51ACE03FE450800A865E9,
				E8F51ACF03FE450800A865E9,
			);
			isa = PBXSourcesBuildPhase;
			runOnlyForDeploymentPostprocessing = 0;
		};
		08FB77A3FE84155DC02AAC07 = {
			buildActionMask = 2147483647;
			files = (
				08FB77A4FE84155DC02AAC07,
				E879693203E72C6D00A865E9,
				E879693303E72C6D00A865E9,
				E879693403E72C6D00A865E9,
				E879693503E72C6D00A865E9,
				E879693603E72C6D00A865E9,
				E879693703E72C6D00A865E9,
				E87969A103E72D7200A865E9,
				E87969AE03E72F2400A865E9,
				E87969AF03E72F2400A865E9,
				E87969EE03E72F5A00A865E9,
				E87969EF03E72F5A00A865E9,
				E87969F003E72F5A00A865E9,
				E87969FB03E72F7D00A865E9,
				E87969FC03E72F7D00A865E9,
			);
			isa = PBXFrameworksBuildPhase;
			runOnlyForDeploymentPostprocessing = 0;
		};
		08FB77A4FE84155DC02AAC07 = {
			fileRef = 08FB779EFE84155DC02AAC07;
			isa = PBXBuildFile;
			settings = {
			};
		};
		08FB77A5FE84155DC02AAC07 = {
			buildActionMask = 2147483647;
			files = (
			);
			isa = PBXRezBuildPhase;
			runOnlyForDeploymentPostprocessing = 0;
		};
//080
//081
//082
//083
//084
//1A0
//1A1
//1A2
//1A3
//1A4
		1AB674ADFE9D54B511CA2CBB = {
			children = (
				034768E6FF38A76511DB9C8B,
			);
			isa = PBXGroup;
			name = Products;
			refType = 4;
		};
//1A0
//1A1
//1A2
//1A3
//1A4
//C60
//C61
//C62
//C63
//C64
		C6859EA4029092FD04C91782 = {
			buildActionMask = 8;
			dstPath = /usr/share/man/man1/;
			dstSubfolderSpec = 0;
			files = (
			);
			isa = PBXCopyFilesBuildPhase;
			runOnlyForDeploymentPostprocessing = 1;
		};
//C60
//C61
//C62
//C63
//C64
//E80
//E81
//E82
//E83
//E84
		E879692C03E72C6D00A865E9 = {
			isa = PBXFrameworkReference;
			name = FoundationExt.framework;
			path = /Volumes/Users/helge/Library/Frameworks/FoundationExt.framework;
			refType = 0;
		};
		E879692D03E72C6D00A865E9 = {
			isa = PBXFrameworkReference;
			name = LSFoundation.framework;
			path = /Volumes/Users/helge/build/LSFoundation.framework;
			refType = 0;
		};
		E879692E03E72C6D00A865E9 = {
			isa = PBXFrameworkReference;
			name = LSSearch.framework;
			path = /Volumes/Users/helge/build/LSSearch.framework;
			refType = 0;
		};
		E879692F03E72C6D00A865E9 = {
			isa = PBXFrameworkReference;
			name = SxCore.framework;
			path = /Volumes/Users/helge/Library/Frameworks/SxCore.framework;
			refType = 0;
		};
		E879693003E72C6D00A865E9 = {
			isa = PBXFrameworkReference;
			name = SxSOPE.framework;
			path = /Volumes/Users/helge/Library/Frameworks/SxSOPE.framework;
			refType = 0;
		};
		E879693103E72C6D00A865E9 = {
			isa = PBXFrameworkReference;
			name = SxXML.framework;
			path = /Volumes/Users/helge/Library/Frameworks/SxXML.framework;
			refType = 0;
		};
		E879693203E72C6D00A865E9 = {
			fileRef = E879692C03E72C6D00A865E9;
			isa = PBXBuildFile;
			settings = {
			};
		};
		E879693303E72C6D00A865E9 = {
			fileRef = E879692D03E72C6D00A865E9;
			isa = PBXBuildFile;
			settings = {
			};
		};
		E879693403E72C6D00A865E9 = {
			fileRef = E879692E03E72C6D00A865E9;
			isa = PBXBuildFile;
			settings = {
			};
		};
		E879693503E72C6D00A865E9 = {
			fileRef = E879692F03E72C6D00A865E9;
			isa = PBXBuildFile;
			settings = {
			};
		};
		E879693603E72C6D00A865E9 = {
			fileRef = E879693003E72C6D00A865E9;
			isa = PBXBuildFile;
			settings = {
			};
		};
		E879693703E72C6D00A865E9 = {
			fileRef = E879693103E72C6D00A865E9;
			isa = PBXBuildFile;
			settings = {
			};
		};
		E879693803E72CA300A865E9 = {
			fileEncoding = 5;
			isa = PBXFileReference;
			path = Application.h;
			refType = 4;
		};
		E879693903E72CA300A865E9 = {
			fileEncoding = 5;
			isa = PBXFileReference;
			path = Application.m;
			refType = 4;
		};
		E879693A03E72CA300A865E9 = {
			fileEncoding = 5;
			isa = PBXFileReference;
			path = ChangeLog;
			refType = 4;
		};
		E879693B03E72CA300A865E9 = {
			fileEncoding = 5;
			isa = PBXFileReference;
			path = common.h;
			refType = 4;
		};
		E879693C03E72CA300A865E9 = {
			fileEncoding = 5;
			isa = PBXFileReference;
			path = DirectAction.h;
			refType = 4;
		};
		E879693D03E72CA300A865E9 = {
			fileEncoding = 5;
			isa = PBXFileReference;
			path = DirectAction.m;
			refType = 4;
		};
		E879693E03E72CA300A865E9 = {
			fileEncoding = 5;
			isa = PBXFileReference;
			path = "DirectAction+Account.m";
			refType = 4;
		};
		E879693F03E72CA300A865E9 = {
			fileEncoding = 5;
			isa = PBXFileReference;
			path = "DirectAction+Appointment.m";
			refType = 4;
		};
		E879694003E72CA300A865E9 = {
			fileEncoding = 5;
			isa = PBXFileReference;
			path = "DirectAction+Defaults.m";
			refType = 4;
		};
		E879694103E72CA300A865E9 = {
			fileEncoding = 5;
			isa = PBXFileReference;
			path = "DirectAction+Enterprise.m";
			refType = 4;
		};
		E879694203E72CA300A865E9 = {
			fileEncoding = 5;
			isa = PBXFileReference;
			path = "DirectAction+Job.m";
			refType = 4;
		};
		E879694303E72CA300A865E9 = {
			fileEncoding = 5;
			isa = PBXFileReference;
			path = "DirectAction+Person.m";
			refType = 4;
		};
		E879694403E72CA300A865E9 = {
			fileEncoding = 5;
			isa = PBXFileReference;
			path = "DirectAction+PersonDataSource.m";
			refType = 4;
		};
		E879694503E72CA300A865E9 = {
			fileEncoding = 5;
			isa = PBXFileReference;
			path = "DirectAction+Project.m";
			refType = 4;
		};
		E879694603E72CA300A865E9 = {
			fileEncoding = 5;
			isa = PBXFileReference;
			path = "DirectAction+System.m";
			refType = 4;
		};
		E879694703E72CA300A865E9 = {
			fileEncoding = 5;
			isa = PBXFileReference;
			path = "DirectAction+Team.m";
			refType = 4;
		};
		E879694803E72CA300A865E9 = {
			fileEncoding = 5;
			isa = PBXFileReference;
			path = "EOControl+XmlRpcDirectAction.h";
			refType = 4;
		};
		E879694903E72CA300A865E9 = {
			fileEncoding = 5;
			isa = PBXFileReference;
			path = "EOControl+XmlRpcDirectAction.m";
			refType = 4;
		};
		E879694A03E72CA300A865E9 = {
			fileEncoding = 5;
			isa = PBXFileReference;
			path = GNUmakefile;
			refType = 4;
		};
		E879694B03E72CA300A865E9 = {
			fileEncoding = 5;
			isa = PBXFileReference;
			path = GNUmakefile.preamble;
			refType = 4;
		};
		E879694C03E72CA300A865E9 = {
			fileEncoding = 5;
			isa = PBXFileReference;
			path = NGFileManagerZipTool.h;
			refType = 4;
		};
		E879694D03E72CA300A865E9 = {
			fileEncoding = 5;
			isa = PBXFileReference;
			path = NGFileManagerZipTool.m;
			refType = 4;
		};
		E879694E03E72CA300A865E9 = {
			fileEncoding = 5;
			isa = PBXFileReference;
			path = "NGFileManagerZipTool+Project.h";
			refType = 4;
		};
		E879694F03E72CA300A865E9 = {
			fileEncoding = 5;
			isa = PBXFileReference;
			path = "NGFileManagerZipTool+Project.m";
			refType = 4;
		};
		E879695003E72CA300A865E9 = {
			fileEncoding = 5;
			isa = PBXFileReference;
			path = NGUnixTool.h;
			refType = 4;
		};
		E879695103E72CA300A865E9 = {
			fileEncoding = 5;
			isa = PBXFileReference;
			path = NGUnixTool.m;
			refType = 4;
		};
		E879695203E72CA300A865E9 = {
			fileEncoding = 5;
			isa = PBXFileReference;
			path = "NSObject+EKVC.h";
			refType = 4;
		};
		E879695303E72CA300A865E9 = {
			fileEncoding = 5;
			isa = PBXFileReference;
			path = "NSObject+EKVC.m";
			refType = 4;
		};
		E879695403E72CA300A865E9 = {
			fileEncoding = 5;
			isa = PBXFileReference;
			path = README;
			refType = 4;
		};
		E879695503E72CA300A865E9 = {
			fileEncoding = 5;
			isa = PBXFileReference;
			path = README.account;
			refType = 4;
		};
		E879695603E72CA300A865E9 = {
			fileEncoding = 5;
			isa = PBXFileReference;
			path = README.appointment;
			refType = 4;
		};
		E879695703E72CA300A865E9 = {
			fileEncoding = 5;
			isa = PBXFileReference;
			path = README.defaults;
			refType = 4;
		};
		E879695803E72CA300A865E9 = {
			fileEncoding = 5;
			isa = PBXFileReference;
			path = README.enterprise;
			refType = 4;
		};
		E879695903E72CA300A865E9 = {
			fileEncoding = 5;
			isa = PBXFileReference;
			path = README.job;
			refType = 4;
		};
		E879695A03E72CA300A865E9 = {
			fileEncoding = 5;
			isa = PBXFileReference;
			path = README.person;
			refType = 4;
		};
		E879695B03E72CA300A865E9 = {
			fileEncoding = 5;
			isa = PBXFileReference;
			path = README.project;
			refType = 4;
		};
		E879695C03E72CA300A865E9 = {
			fileEncoding = 5;
			isa = PBXFileReference;
			path = README.system;
			refType = 4;
		};
		E879695D03E72CA300A865E9 = {
			fileEncoding = 5;
			isa = PBXFileReference;
			path = Session.h;
			refType = 4;
		};
		E879695E03E72CA300A865E9 = {
			fileEncoding = 5;
			isa = PBXFileReference;
			path = Session.m;
			refType = 4;
		};
		E879695F03E72CA300A865E9 = {
			fileEncoding = 5;
			isa = PBXFileReference;
			path = "SkyAccountDocument+XmlRpcCoding.m";
			refType = 4;
		};
		E879696003E72CA300A865E9 = {
			fileEncoding = 5;
			isa = PBXFileReference;
			path = "SkyAddressDocument+XmlRpcCoding.m";
			refType = 4;
		};
		E879696103E72CA300A865E9 = {
			fileEncoding = 5;
			isa = PBXFileReference;
			path = "SkyAppointmentDocument+XmlRpcCoding.m";
			refType = 4;
		};
		E879696203E72CA300A865E9 = {
			fileEncoding = 5;
			isa = PBXFileReference;
			path = "SkyCompanyDocument+XmlRpcCoding.m";
			refType = 4;
		};
		E879696303E72CA300A865E9 = {
			fileEncoding = 5;
			isa = PBXFileReference;
			path = "SkyDocument+XmlRpcCoding.m";
			refType = 4;
		};
		E879696403E72CA300A865E9 = {
			fileEncoding = 5;
			isa = PBXFileReference;
			path = "SkyEnterpriseDocument+XmlRpcCoding.m";
			refType = 4;
		};
		E879696503E72CA300A865E9 = {
			fileEncoding = 5;
			isa = PBXFileReference;
			path = "SkyJobDocument+XmlRpcCoding.m";
			refType = 4;
		};
		E879696603E72CA300A865E9 = {
			fileEncoding = 5;
			isa = PBXFileReference;
			path = "SkyPersonDocument+XmlRpcCoding.m";
			refType = 4;
		};
		E879696703E72CA300A865E9 = {
			fileEncoding = 5;
			isa = PBXFileReference;
			path = "SkyProject+XmlRpcCoding.m";
			refType = 4;
		};
		E879696803E72CA300A865E9 = {
			fileEncoding = 5;
			isa = PBXFileReference;
			path = "SkyTeamDocument+XmlRpcCoding.m";
			refType = 4;
		};
		E879696903E72CA300A865E9 = {
			fileEncoding = 5;
			isa = PBXFileReference;
			path = skyxmlrpcd.m;
			refType = 4;
		};
		E879696A03E72CA300A865E9 = {
			fileRef = E879693803E72CA300A865E9;
			isa = PBXBuildFile;
			settings = {
			};
		};
		E879696B03E72CA300A865E9 = {
			fileRef = E879693903E72CA300A865E9;
			isa = PBXBuildFile;
			settings = {
			};
		};
		E879696D03E72CA300A865E9 = {
			fileRef = E879693B03E72CA300A865E9;
			isa = PBXBuildFile;
			settings = {
			};
		};
		E879696E03E72CA300A865E9 = {
			fileRef = E879693C03E72CA300A865E9;
			isa = PBXBuildFile;
			settings = {
			};
		};
		E879696F03E72CA300A865E9 = {
			fileRef = E879693D03E72CA300A865E9;
			isa = PBXBuildFile;
			settings = {
			};
		};
		E879697003E72CA300A865E9 = {
			fileRef = E879693E03E72CA300A865E9;
			isa = PBXBuildFile;
			settings = {
			};
		};
		E879697103E72CA300A865E9 = {
			fileRef = E879693F03E72CA300A865E9;
			isa = PBXBuildFile;
			settings = {
			};
		};
		E879697203E72CA300A865E9 = {
			fileRef = E879694003E72CA300A865E9;
			isa = PBXBuildFile;
			settings = {
			};
		};
		E879697303E72CA300A865E9 = {
			fileRef = E879694103E72CA300A865E9;
			isa = PBXBuildFile;
			settings = {
			};
		};
		E879697403E72CA300A865E9 = {
			fileRef = E879694203E72CA300A865E9;
			isa = PBXBuildFile;
			settings = {
			};
		};
		E879697503E72CA300A865E9 = {
			fileRef = E879694303E72CA300A865E9;
			isa = PBXBuildFile;
			settings = {
			};
		};
		E879697603E72CA300A865E9 = {
			fileRef = E879694403E72CA300A865E9;
			isa = PBXBuildFile;
			settings = {
			};
		};
		E879697703E72CA300A865E9 = {
			fileRef = E879694503E72CA300A865E9;
			isa = PBXBuildFile;
			settings = {
			};
		};
		E879697803E72CA300A865E9 = {
			fileRef = E879694603E72CA300A865E9;
			isa = PBXBuildFile;
			settings = {
			};
		};
		E879697903E72CA300A865E9 = {
			fileRef = E879694703E72CA300A865E9;
			isa = PBXBuildFile;
			settings = {
			};
		};
		E879697A03E72CA300A865E9 = {
			fileRef = E879694803E72CA300A865E9;
			isa = PBXBuildFile;
			settings = {
			};
		};
		E879697B03E72CA300A865E9 = {
			fileRef = E879694903E72CA300A865E9;
			isa = PBXBuildFile;
			settings = {
			};
		};
		E879697E03E72CA300A865E9 = {
			fileRef = E879694C03E72CA300A865E9;
			isa = PBXBuildFile;
			settings = {
			};
		};
		E879697F03E72CA300A865E9 = {
			fileRef = E879694D03E72CA300A865E9;
			isa = PBXBuildFile;
			settings = {
			};
		};
		E879698003E72CA300A865E9 = {
			fileRef = E879694E03E72CA300A865E9;
			isa = PBXBuildFile;
			settings = {
			};
		};
		E879698103E72CA300A865E9 = {
			fileRef = E879694F03E72CA300A865E9;
			isa = PBXBuildFile;
			settings = {
			};
		};
		E879698203E72CA300A865E9 = {
			fileRef = E879695003E72CA300A865E9;
			isa = PBXBuildFile;
			settings = {
			};
		};
		E879698303E72CA300A865E9 = {
			fileRef = E879695103E72CA300A865E9;
			isa = PBXBuildFile;
			settings = {
			};
		};
		E879698403E72CA300A865E9 = {
			fileRef = E879695203E72CA300A865E9;
			isa = PBXBuildFile;
			settings = {
			};
		};
		E879698503E72CA300A865E9 = {
			fileRef = E879695303E72CA300A865E9;
			isa = PBXBuildFile;
			settings = {
			};
		};
		E879698F03E72CA300A865E9 = {
			fileRef = E879695D03E72CA300A865E9;
			isa = PBXBuildFile;
			settings = {
			};
		};
		E879699003E72CA300A865E9 = {
			fileRef = E879695E03E72CA300A865E9;
			isa = PBXBuildFile;
			settings = {
			};
		};
		E879699103E72CA300A865E9 = {
			fileRef = E879695F03E72CA300A865E9;
			isa = PBXBuildFile;
			settings = {
			};
		};
		E879699203E72CA300A865E9 = {
			fileRef = E879696003E72CA300A865E9;
			isa = PBXBuildFile;
			settings = {
			};
		};
		E879699303E72CA300A865E9 = {
			fileRef = E879696103E72CA300A865E9;
			isa = PBXBuildFile;
			settings = {
			};
		};
		E879699403E72CA300A865E9 = {
			fileRef = E879696203E72CA300A865E9;
			isa = PBXBuildFile;
			settings = {
			};
		};
		E879699503E72CA300A865E9 = {
			fileRef = E879696303E72CA300A865E9;
			isa = PBXBuildFile;
			settings = {
			};
		};
		E879699603E72CA300A865E9 = {
			fileRef = E879696403E72CA300A865E9;
			isa = PBXBuildFile;
			settings = {
			};
		};
		E879699703E72CA300A865E9 = {
			fileRef = E879696503E72CA300A865E9;
			isa = PBXBuildFile;
			settings = {
			};
		};
		E879699803E72CA300A865E9 = {
			fileRef = E879696603E72CA300A865E9;
			isa = PBXBuildFile;
			settings = {
			};
		};
		E879699903E72CA300A865E9 = {
			fileRef = E879696703E72CA300A865E9;
			isa = PBXBuildFile;
			settings = {
			};
		};
		E879699A03E72CA300A865E9 = {
			fileRef = E879696803E72CA300A865E9;
			isa = PBXBuildFile;
			settings = {
			};
		};
		E879699B03E72CA300A865E9 = {
			fileRef = E879696903E72CA300A865E9;
			isa = PBXBuildFile;
			settings = {
			};
		};
		E879699C03E72CAF00A865E9 = {
			children = (
				E879694A03E72CA300A865E9,
				E879694B03E72CA300A865E9,
			);
			isa = PBXGroup;
			name = Makefiles;
			refType = 4;
		};
		E879699D03E72CB700A865E9 = {
			children = (
				E879693803E72CA300A865E9,
				E879695D03E72CA300A865E9,
				E879693C03E72CA300A865E9,
				E879694803E72CA300A865E9,
				E879694C03E72CA300A865E9,
				E879694E03E72CA300A865E9,
				E879695003E72CA300A865E9,
				E879695203E72CA300A865E9,
			);
			isa = PBXGroup;
			name = Headers;
			refType = 4;
		};
		E879699E03E72CF900A865E9 = {
			children = (
				E879695403E72CA300A865E9,
				E879695503E72CA300A865E9,
				E879695603E72CA300A865E9,
				E879695703E72CA300A865E9,
				E879695803E72CA300A865E9,
				E879695903E72CA300A865E9,
				E879695A03E72CA300A865E9,
				E879695B03E72CA300A865E9,
				E879695C03E72CA300A865E9,
			);
			isa = PBXGroup;
			name = Documentation;
			refType = 4;
		};
		E879699F03E72D1100A865E9 = {
			children = (
				E8F51ACD03FE450800A865E9,
				E879696303E72CA300A865E9,
				E879695F03E72CA300A865E9,
				E879696003E72CA300A865E9,
				E879696103E72CA300A865E9,
				E879696203E72CA300A865E9,
				E879696403E72CA300A865E9,
				E879696503E72CA300A865E9,
				E879696603E72CA300A865E9,
				E879696703E72CA300A865E9,
				E879696803E72CA300A865E9,
			);
			isa = PBXGroup;
			name = "Document XML-RPC Coding";
			path = "";
			refType = 4;
		};
		E87969A003E72D7200A865E9 = {
			isa = PBXFrameworkReference;
			name = GDLAccess.framework;
			path = /Volumes/Users/helge/Library/Frameworks/GDLAccess.framework;
			refType = 0;
		};
		E87969A103E72D7200A865E9 = {
			fileRef = E87969A003E72D7200A865E9;
			isa = PBXBuildFile;
			settings = {
			};
		};
		E87969AC03E72F2400A865E9 = {
			isa = PBXFrameworkReference;
			name = SkyAccounts.framework;
			path = /Volumes/Users/helge/build/SkyAccounts.framework;
			refType = 0;
		};
		E87969AD03E72F2400A865E9 = {
			isa = PBXFrameworkReference;
			name = SkyScheduler.framework;
			path = /Volumes/Users/helge/build/SkyScheduler.framework;
			refType = 0;
		};
		E87969AE03E72F2400A865E9 = {
			fileRef = E87969AC03E72F2400A865E9;
			isa = PBXBuildFile;
			settings = {
			};
		};
		E87969AF03E72F2400A865E9 = {
			fileRef = E87969AD03E72F2400A865E9;
			isa = PBXBuildFile;
			settings = {
			};
		};
		E87969B003E72F3200A865E9 = {
			children = (
				E879692D03E72C6D00A865E9,
				E879692E03E72C6D00A865E9,
				E87969EB03E72F5A00A865E9,
				E87969F903E72F7D00A865E9,
				E87969AC03E72F2400A865E9,
				E87969FA03E72F7D00A865E9,
				E87969EC03E72F5A00A865E9,
				E87969ED03E72F5A00A865E9,
				E87969AD03E72F2400A865E9,
			);
			isa = PBXGroup;
			name = "Logic Frameworks";
			path = "";
			refType = 4;
		};
		E87969EB03E72F5A00A865E9 = {
			isa = PBXFrameworkReference;
			name = SkyDocuments.framework;
			path = /Volumes/Users/helge/Library/Frameworks/SkyDocuments.framework;
			refType = 0;
		};
		E87969EC03E72F5A00A865E9 = {
			isa = PBXFrameworkReference;
			name = SkyJobs.framework;
			path = /Volumes/Users/helge/Library/Frameworks/SkyJobs.framework;
			refType = 0;
		};
		E87969ED03E72F5A00A865E9 = {
			isa = PBXFrameworkReference;
			name = SkyProject.framework;
			path = /Volumes/Users/helge/Library/Frameworks/SkyProject.framework;
			refType = 0;
		};
		E87969EE03E72F5A00A865E9 = {
			fileRef = E87969EB03E72F5A00A865E9;
			isa = PBXBuildFile;
			settings = {
			};
		};
		E87969EF03E72F5A00A865E9 = {
			fileRef = E87969EC03E72F5A00A865E9;
			isa = PBXBuildFile;
			settings = {
			};
		};
		E87969F003E72F5A00A865E9 = {
			fileRef = E87969ED03E72F5A00A865E9;
			isa = PBXBuildFile;
			settings = {
			};
		};
		E87969F903E72F7D00A865E9 = {
			isa = PBXFrameworkReference;
			name = SkyBase.framework;
			path = /Volumes/Users/helge/Library/Frameworks/SkyBase.framework;
			refType = 0;
		};
		E87969FA03E72F7D00A865E9 = {
			isa = PBXFrameworkReference;
			name = SkyContacts.framework;
			path = /Volumes/Users/helge/Library/Frameworks/SkyContacts.framework;
			refType = 0;
		};
		E87969FB03E72F7D00A865E9 = {
			fileRef = E87969F903E72F7D00A865E9;
			isa = PBXBuildFile;
			settings = {
			};
		};
		E87969FC03E72F7D00A865E9 = {
			fileRef = E87969FA03E72F7D00A865E9;
			isa = PBXBuildFile;
			settings = {
			};
		};
		E8F51ACB03FE450800A865E9 = {
			fileEncoding = 5;
			isa = PBXFileReference;
			path = "DirectAction+Fault.m";
			refType = 4;
		};
		E8F51ACC03FE450800A865E9 = {
			fileEncoding = 5;
			isa = PBXFileReference;
			path = "DirectAction+Resource.m";
			refType = 4;
		};
		E8F51ACD03FE450800A865E9 = {
			fileEncoding = 5;
			isa = PBXFileReference;
			path = "SkyDocument+XmlRpcCoding.h";
			refType = 4;
		};
		E8F51ACE03FE450800A865E9 = {
			fileRef = E8F51ACB03FE450800A865E9;
			isa = PBXBuildFile;
			settings = {
			};
		};
		E8F51ACF03FE450800A865E9 = {
			fileRef = E8F51ACC03FE450800A865E9;
			isa = PBXBuildFile;
			settings = {
			};
		};
		E8F51AD003FE450800A865E9 = {
			fileRef = E8F51ACD03FE450800A865E9;
			isa = PBXBuildFile;
			settings = {
			};
		};
	};
	rootObject = 08FB7793FE84155DC02AAC07;
}
