// !$*UTF8*$!
{
	archiveVersion = 1;
	classes = {
	};
	objectVersion = 39;
	objects = {
		014CEA440018CDF011CA2923 = {
			buildRules = (
			);
			buildSettings = {
				COPY_PHASE_STRIP = NO;
				DEBUGGING_SYMBOLS = YES;
				GCC_DYNAMIC_NO_PIC = NO;
				GCC_ENABLE_FIX_AND_CONTINUE = YES;
				GCC_GENERATE_DEBUGGING_SYMBOLS = YES;
				GCC_OPTIMIZATION_LEVEL = 0;
				OPTIMIZATION_CFLAGS = "-O0";
				ZERO_LINK = YES;
			};
			isa = PBXBuildStyle;
			name = Development;
		};
		014CEA450018CDF011CA2923 = {
			buildRules = (
			);
			buildSettings = {
				COPY_PHASE_STRIP = YES;
				GCC_ENABLE_FIX_AND_CONTINUE = NO;
				ZERO_LINK = NO;
			};
			isa = PBXBuildStyle;
			name = Deployment;
		};
//010
//011
//012
//013
//014
//030
//031
//032
//033
//034
		034768DFFF38A50411DB9C8B = {
			children = (
				8DC2EF5B0486A6940098B216,
			);
			isa = PBXGroup;
			name = Products;
			refType = 4;
			sourceTree = "<group>";
		};
//030
//031
//032
//033
//034
//080
//081
//082
//083
//084
		0867D690FE84028FC02AAC07 = {
			buildSettings = {
			};
			buildStyles = (
				014CEA440018CDF011CA2923,
				014CEA450018CDF011CA2923,
			);
			hasScannedForEncodings = 1;
			isa = PBXProject;
			mainGroup = 0867D691FE84028FC02AAC07;
			productRefGroup = 034768DFFF38A50411DB9C8B;
			projectDirPath = "";
			targets = (
				8DC2EF4F0486A6940098B216,
			);
		};
		0867D691FE84028FC02AAC07 = {
			children = (
				ADCEA3A5061B1D9500361086,
				ADCEA3A3061B1D9500361086,
				ADCEA3A1061B1D9500361086,
				ADCEA3A2061B1D9500361086,
				ADCEA3A4061B1D9500361086,
				ADCEA3A0061B1D9400361086,
				08FB77AEFE84172EC02AAC07,
				32C88DFF0371C24200C91783,
				089C1665FE841158C02AAC07,
				0867D69AFE84028FC02AAC07,
				034768DFFF38A50411DB9C8B,
			);
			isa = PBXGroup;
			name = WebObjects;
			refType = 4;
			sourceTree = "<group>";
		};
		0867D69AFE84028FC02AAC07 = {
			children = (
				AD2C492D060A061900E3ACD3,
				AD2C492E060A061900E3ACD3,
				AD2C492C060A061900E3ACD3,
				0867D69BFE84028FC02AAC07,
			);
			isa = PBXGroup;
			name = Frameworks;
			refType = 4;
			sourceTree = "<group>";
		};
		0867D69BFE84028FC02AAC07 = {
			fallbackIsa = PBXFileReference;
			isa = PBXFrameworkReference;
			lastKnownFileType = wrapper.framework;
			name = Foundation.framework;
			path = /System/Library/Frameworks/Foundation.framework;
			refType = 0;
			sourceTree = "<absolute>";
		};
		089C1665FE841158C02AAC07 = {
			children = (
				8DC2EF5A0486A6940098B216,
				089C1666FE841158C02AAC07,
			);
			isa = PBXGroup;
			name = Resources;
			refType = 4;
			sourceTree = "<group>";
		};
		089C1666FE841158C02AAC07 = {
			children = (
				089C1667FE841158C02AAC07,
			);
			isa = PBXVariantGroup;
			name = InfoPlist.strings;
			refType = 4;
			sourceTree = "<group>";
		};
		089C1667FE841158C02AAC07 = {
			fileEncoding = 10;
			isa = PBXFileReference;
			lastKnownFileType = text.plist.strings;
			name = English;
			path = English.lproj/InfoPlist.strings;
			refType = 4;
			sourceTree = "<group>";
		};
		08FB77AEFE84172EC02AAC07 = {
			children = (
				32DBCF5E0370ADEE00C91783,
				AD2C4935060A065600E3ACD3,
			);
			isa = PBXGroup;
			name = Headers;
			refType = 4;
			sourceTree = "<group>";
		};
		08FB77B4FE84181DC02AAC07 = {
			fileEncoding = 4;
			isa = PBXFileReference;
			lastKnownFileType = sourcecode.c.c;
			path = main.c;
			refType = 4;
			sourceTree = "<group>";
		};
//080
//081
//082
//083
//084
//320
//321
//322
//323
//324
		32C88DFF0371C24200C91783 = {
			children = (
				08FB77B4FE84181DC02AAC07,
			);
			isa = PBXGroup;
			name = "Other Sources";
			refType = 4;
			sourceTree = "<group>";
		};
		32DBCF5E0370ADEE00C91783 = {
			fileEncoding = 4;
			isa = PBXFileReference;
			lastKnownFileType = sourcecode.c.h;
			path = WebObjects_Prefix.pch;
			refType = 4;
			sourceTree = "<group>";
		};
//320
//321
//322
//323
//324
//8D0
//8D1
//8D2
//8D3
//8D4
		8DC2EF4F0486A6940098B216 = {
			buildPhases = (
				8DC2EF500486A6940098B216,
				8DC2EF520486A6940098B216,
				8DC2EF540486A6940098B216,
				8DC2EF560486A6940098B216,
				8DC2EF580486A6940098B216,
			);
			buildRules = (
			);
			buildSettings = {
				DYLIB_COMPATIBILITY_VERSION = 1;
				DYLIB_CURRENT_VERSION = 1;
				FRAMEWORK_SEARCH_PATHS = "\"$(LOCAL_LIBRARY_DIR)/Frameworks\" /Local/BuildArea";
				FRAMEWORK_VERSION = A;
				GCC_ENABLE_TRIGRAPHS = NO;
				GCC_GENERATE_DEBUGGING_SYMBOLS = NO;
				GCC_PRECOMPILE_PREFIX_HEADER = YES;
				GCC_PREFIX_HEADER = WebObjects_Prefix.pch;
				GCC_WARN_ABOUT_MISSING_PROTOTYPES = NO;
				GCC_WARN_FOUR_CHARACTER_CONSTANTS = NO;
				GCC_WARN_UNKNOWN_PRAGMAS = NO;
				HEADER_SEARCH_PATHS = "";
				INFOPLIST_FILE = Info.plist;
				INSTALL_PATH = "$(LOCAL_LIBRARY_DIR)/Frameworks";
				LIBRARY_SEARCH_PATHS = "";
				LIBRARY_STYLE = Dynamic;
				OTHER_LDFLAGS = "-seg1addr 0xC6FF0000 -sub_umbrella SxCore -sub_umbrella SxXML -sub_umbrella SOPE";
				PRODUCT_NAME = WebObjects;
				SECTORDER_FLAGS = "";
				WARNING_CFLAGS = "-Wmost -Wno-four-char-constants -Wno-unknown-pragmas";
				WRAPPER_EXTENSION = framework;
			};
			dependencies = (
			);
			isa = PBXNativeTarget;
			name = "WebObjects (Umbrella)";
			productInstallPath = "$(HOME)/Library/Frameworks";
			productName = WebObjects;
			productReference = 8DC2EF5B0486A6940098B216;
			productType = "com.apple.product-type.framework";
		};
		8DC2EF500486A6940098B216 = {
			buildActionMask = 2147483647;
			files = (
				8DC2EF510486A6940098B216,
				AD2C4937060A065600E3ACD3,
			);
			isa = PBXHeadersBuildPhase;
			runOnlyForDeploymentPostprocessing = 0;
		};
		8DC2EF510486A6940098B216 = {
			fileRef = 32DBCF5E0370ADEE00C91783;
			isa = PBXBuildFile;
			settings = {
			};
		};
		8DC2EF520486A6940098B216 = {
			buildActionMask = 2147483647;
			files = (
				8DC2EF530486A6940098B216,
				ADCEA3A6061B1D9600361086,
				ADCEA3A7061B1D9600361086,
				ADCEA3A8061B1D9600361086,
				ADCEA3A9061B1D9600361086,
				ADCEA3AA061B1D9600361086,
				ADCEA3AB061B1D9600361086,
			);
			isa = PBXResourcesBuildPhase;
			runOnlyForDeploymentPostprocessing = 0;
		};
		8DC2EF530486A6940098B216 = {
			fileRef = 089C1666FE841158C02AAC07;
			isa = PBXBuildFile;
			settings = {
			};
		};
		8DC2EF540486A6940098B216 = {
			buildActionMask = 2147483647;
			files = (
				8DC2EF550486A6940098B216,
			);
			isa = PBXSourcesBuildPhase;
			runOnlyForDeploymentPostprocessing = 0;
		};
		8DC2EF550486A6940098B216 = {
			fileRef = 08FB77B4FE84181DC02AAC07;
			isa = PBXBuildFile;
			settings = {
				ATTRIBUTES = (
				);
			};
		};
		8DC2EF560486A6940098B216 = {
			buildActionMask = 2147483647;
			files = (
				AD2C492F060A061900E3ACD3,
				AD2C4930060A061900E3ACD3,
				AD2C4931060A061900E3ACD3,
			);
			isa = PBXFrameworksBuildPhase;
			runOnlyForDeploymentPostprocessing = 0;
		};
		8DC2EF580486A6940098B216 = {
			buildActionMask = 2147483647;
			files = (
			);
			isa = PBXRezBuildPhase;
			runOnlyForDeploymentPostprocessing = 0;
		};
		8DC2EF5A0486A6940098B216 = {
			fileEncoding = 4;
			isa = PBXFileReference;
			lastKnownFileType = text.plist;
			path = Info.plist;
			refType = 4;
			sourceTree = "<group>";
		};
		8DC2EF5B0486A6940098B216 = {
			explicitFileType = wrapper.framework;
			includeInIndex = 0;
			isa = PBXFileReference;
			path = WebObjects.framework;
			refType = 3;
			sourceTree = BUILT_PRODUCTS_DIR;
		};
//8D0
//8D1
//8D2
//8D3
//8D4
//AD0
//AD1
//AD2
//AD3
//AD4
		AD2C492C060A061900E3ACD3 = {
			isa = PBXFileReference;
			lastKnownFileType = wrapper.framework;
			name = SOPE.framework;
			path = /Library/Frameworks/SOPE.framework;
			refType = 0;
			sourceTree = "<absolute>";
		};
		AD2C492D060A061900E3ACD3 = {
			isa = PBXFileReference;
			lastKnownFileType = wrapper.framework;
			name = SxCore.framework;
			path = /Library/Frameworks/SxCore.framework;
			refType = 0;
			sourceTree = "<absolute>";
		};
		AD2C492E060A061900E3ACD3 = {
			isa = PBXFileReference;
			lastKnownFileType = wrapper.framework;
			name = SxXML.framework;
			path = /Library/Frameworks/SxXML.framework;
			refType = 0;
			sourceTree = "<absolute>";
		};
		AD2C492F060A061900E3ACD3 = {
			fileRef = AD2C492C060A061900E3ACD3;
			isa = PBXBuildFile;
			settings = {
			};
		};
		AD2C4930060A061900E3ACD3 = {
			fileRef = AD2C492D060A061900E3ACD3;
			isa = PBXBuildFile;
			settings = {
			};
		};
		AD2C4931060A061900E3ACD3 = {
			fileRef = AD2C492E060A061900E3ACD3;
			isa = PBXBuildFile;
			settings = {
			};
		};
		AD2C4935060A065600E3ACD3 = {
			fileEncoding = 4;
			isa = PBXFileReference;
			lastKnownFileType = sourcecode.c.h;
			path = WebObjects.h;
			refType = 4;
			sourceTree = "<group>";
		};
		AD2C4937060A065600E3ACD3 = {
			fileRef = AD2C4935060A065600E3ACD3;
			isa = PBXBuildFile;
			settings = {
				ATTRIBUTES = (
					Public,
				);
			};
		};
		ADCEA3A0061B1D9400361086 = {
			fileEncoding = 30;
			isa = PBXFileReference;
			lastKnownFileType = text;
			path = ChangeLog;
			refType = 4;
			sourceTree = "<group>";
		};
		ADCEA3A1061B1D9500361086 = {
			fileEncoding = 30;
			isa = PBXFileReference;
			lastKnownFileType = text;
			path = COPYING;
			refType = 4;
			sourceTree = "<group>";
		};
		ADCEA3A2061B1D9500361086 = {
			fileEncoding = 30;
			isa = PBXFileReference;
			lastKnownFileType = text;
			path = COPYRIGHT;
			refType = 4;
			sourceTree = "<group>";
		};
		ADCEA3A3061B1D9500361086 = {
			fileEncoding = 30;
			isa = PBXFileReference;
			lastKnownFileType = text;
			path = INSTALL;
			refType = 4;
			sourceTree = "<group>";
		};
		ADCEA3A4061B1D9500361086 = {
			fileEncoding = 30;
			isa = PBXFileReference;
			lastKnownFileType = text;
			path = PROJECTLEAD;
			refType = 4;
			sourceTree = "<group>";
		};
		ADCEA3A5061B1D9500361086 = {
			fileEncoding = 30;
			isa = PBXFileReference;
			lastKnownFileType = text;
			path = README;
			refType = 4;
			sourceTree = "<group>";
		};
		ADCEA3A6061B1D9600361086 = {
			fileRef = ADCEA3A0061B1D9400361086;
			isa = PBXBuildFile;
			settings = {
			};
		};
		ADCEA3A7061B1D9600361086 = {
			fileRef = ADCEA3A1061B1D9500361086;
			isa = PBXBuildFile;
			settings = {
			};
		};
		ADCEA3A8061B1D9600361086 = {
			fileRef = ADCEA3A2061B1D9500361086;
			isa = PBXBuildFile;
			settings = {
			};
		};
		ADCEA3A9061B1D9600361086 = {
			fileRef = ADCEA3A3061B1D9500361086;
			isa = PBXBuildFile;
			settings = {
			};
		};
		ADCEA3AA061B1D9600361086 = {
			fileRef = ADCEA3A4061B1D9500361086;
			isa = PBXBuildFile;
			settings = {
			};
		};
		ADCEA3AB061B1D9600361086 = {
			fileRef = ADCEA3A5061B1D9500361086;
			isa = PBXBuildFile;
			settings = {
			};
		};
	};
	rootObject = 0867D690FE84028FC02AAC07;
}
