// !$*UTF8*$!
{
	archiveVersion = 1;
	classes = {
	};
	objectVersion = 34;
	objects = {
		691DC02501F4CE0D00A8007E = {
			buildStyles = (
				691DC02701F4CE0D00A8007E,
				691DC02801F4CE0D00A8007E,
			);
			isa = PBXProject;
			mainGroup = 691DC02601F4CE0D00A8007E;
			projectDirPath = "";
			targets = (
				691DC04301F4CEDB00A8007E,
			);
		};
		691DC02601F4CE0D00A8007E = {
			children = (
				691DC02901F4CEDB00A8007E,
				691DC02A01F4CEDB00A8007E,
				691DC02B01F4CEDB00A8007E,
				691DC02C01F4CEDB00A8007E,
				691DC02D01F4CEDB00A8007E,
				691DC02E01F4CEDB00A8007E,
				691DC02F01F4CEDB00A8007E,
				691DC03001F4CEDB00A8007E,
			);
			isa = PBXGroup;
			refType = 4;
		};
		691DC02701F4CE0D00A8007E = {
			buildRules = (
			);
			buildSettings = {
				COPY_PHASE_STRIP = NO;
			};
			isa = PBXBuildStyle;
			name = Development;
		};
		691DC02801F4CE0D00A8007E = {
			buildRules = (
			);
			buildSettings = {
				COPY_PHASE_STRIP = YES;
			};
			isa = PBXBuildStyle;
			name = Deployment;
		};
		691DC02901F4CEDB00A8007E = {
			isa = PBXFileReference;
			path = ChangeLog;
			refType = 4;
		};
		691DC02A01F4CEDB00A8007E = {
			isa = PBXFileReference;
			path = README;
			refType = 4;
		};
		691DC02B01F4CEDB00A8007E = {
			isa = PBXFileReference;
			path = README.filter;
			refType = 4;
		};
		691DC02C01F4CEDB00A8007E = {
			isa = PBXFileReference;
			path = README.message;
			refType = 4;
		};
		691DC02D01F4CEDB00A8007E = {
			isa = PBXFileReference;
			path = GNUmakefile;
			refType = 4;
		};
		691DC02E01F4CEDB00A8007E = {
			isa = PBXFileReference;
			path = GNUmakefile.preamble;
			refType = 4;
		};
		691DC02F01F4CEDB00A8007E = {
			isa = PBXFileReference;
			path = skymaild.m;
			refType = 4;
		};
		691DC03001F4CEDB00A8007E = {
			children = (
				691DC03101F4CEDB00A8007E,
				691DC03201F4CEDB00A8007E,
				691DC03301F4CEDB00A8007E,
				691DC03401F4CEDB00A8007E,
				691DC03501F4CEDB00A8007E,
				691DC03601F4CEDB00A8007E,
				691DC03701F4CEDB00A8007E,
				691DC03801F4CEDB00A8007E,
				691DC03901F4CEDB00A8007E,
				691DC03A01F4CEDB00A8007E,
				691DC03B01F4CEDB00A8007E,
				691DC03C01F4CEDB00A8007E,
				691DC03D01F4CEDB00A8007E,
				691DC03E01F4CEDB00A8007E,
				691DC03F01F4CEDB00A8007E,
				691DC04001F4CEDB00A8007E,
				691DC04101F4CEDB00A8007E,
				691DC04201F4CEDB00A8007E,
			);
			isa = PBXGroup;
			name = Classes;
			refType = 4;
		};
		691DC03101F4CEDB00A8007E = {
			isa = PBXFileReference;
			path = common.h;
			refType = 4;
		};
		691DC03201F4CEDB00A8007E = {
			isa = PBXFileReference;
			path = Application.h;
			refType = 4;
		};
		691DC03301F4CEDB00A8007E = {
			isa = PBXFileReference;
			path = Application.m;
			refType = 4;
		};
		691DC03401F4CEDB00A8007E = {
			isa = PBXFileReference;
			path = Attachment.h;
			refType = 4;
		};
		691DC03501F4CEDB00A8007E = {
			isa = PBXFileReference;
			path = Attachment.m;
			refType = 4;
		};
		691DC03601F4CEDB00A8007E = {
			isa = PBXFileReference;
			path = DirectAction.h;
			refType = 4;
		};
		691DC03701F4CEDB00A8007E = {
			isa = PBXFileReference;
			path = DirectAction.m;
			refType = 4;
		};
		691DC03801F4CEDB00A8007E = {
			isa = PBXFileReference;
			path = "DirectAction+Mail.m";
			refType = 4;
		};
		691DC03901F4CEDB00A8007E = {
			isa = PBXFileReference;
			path = Filter.h;
			refType = 4;
		};
		691DC03A01F4CEDB00A8007E = {
			isa = PBXFileReference;
			path = Filter.m;
			refType = 4;
		};
		691DC03B01F4CEDB00A8007E = {
			isa = PBXFileReference;
			path = FilterEntry.h;
			refType = 4;
		};
		691DC03C01F4CEDB00A8007E = {
			isa = PBXFileReference;
			path = FilterEntry.m;
			refType = 4;
		};
		691DC03D01F4CEDB00A8007E = {
			isa = PBXFileReference;
			path = Recipient.h;
			refType = 4;
		};
		691DC03E01F4CEDB00A8007E = {
			isa = PBXFileReference;
			path = Recipient.m;
			refType = 4;
		};
		691DC03F01F4CEDB00A8007E = {
			isa = PBXFileReference;
			path = Session.h;
			refType = 4;
		};
		691DC04001F4CEDB00A8007E = {
			isa = PBXFileReference;
			path = Session.m;
			refType = 4;
		};
		691DC04101F4CEDB00A8007E = {
			isa = PBXFileReference;
			path = SieveManager.h;
			refType = 4;
		};
		691DC04201F4CEDB00A8007E = {
			isa = PBXFileReference;
			path = SieveManager.m;
			refType = 4;
		};
		691DC04301F4CEDB00A8007E = {
			buildArgumentsString = $ACTION;
			buildPhases = (
			);
			buildSettings = {
				OPTIMIZATION_CFLAGS = "";
				OTHER_CFLAGS = "";
				OTHER_LDFLAGS = "";
				OTHER_REZFLAGS = "";
				PRODUCT_NAME = "gs-skymaild";
				SECTORDER_FLAGS = "";
				WARNING_CFLAGS = "-Wmost -Wno-four-char-constants -Wno-unknown-pragmas";
				debug = yes;
				shared = yes;
			};
			buildToolPath = /usr/bin/gnumake;
			dependencies = (
			);
			isa = PBXLegacyTarget;
			name = "gs-skymaild";
			productName = "gs-skymaild";
			settingsToExpand = 6;
			settingsToPassInEnvironment = 287;
			settingsToPassOnCommandLine = 280;
			shouldUseHeadermap = 0;
		};
	};
	rootObject = 691DC02501F4CE0D00A8007E;
}
