// !$*UTF8*$!
{
	archiveVersion = 1;
	classes = {
	};
	objectVersion = 34;
	objects = {
		690277E80206050600A8007E = {
			buildStyles = (
				690277EA0206050600A8007E,
				690277EB0206050600A8007E,
			);
			isa = PBXProject;
			mainGroup = 690277E90206050600A8007E;
			projectDirPath = "";
			targets = (
				690277F90206057100A8007E,
			);
		};
		690277E90206050600A8007E = {
			children = (
				690277EC0206057100A8007E,
				690277ED0206057100A8007E,
				690277EE0206057100A8007E,
				690277EF0206057100A8007E,
				690277F00206057100A8007E,
				690277F10206057100A8007E,
				690277F20206057100A8007E,
				690277F30206057100A8007E,
				690277F40206057100A8007E,
				690277F50206057100A8007E,
				690277F60206057100A8007E,
				690277F70206057100A8007E,
				690277F80206057100A8007E,
				690277FC0206066E00A8007E,
			);
			isa = PBXGroup;
			refType = 4;
		};
		690277EA0206050600A8007E = {
			buildRules = (
			);
			buildSettings = {
				COPY_PHASE_STRIP = NO;
				debug = yes;
				shared = yes;
			};
			isa = PBXBuildStyle;
			name = Development;
		};
		690277EB0206050600A8007E = {
			buildRules = (
			);
			buildSettings = {
				COPY_PHASE_STRIP = YES;
			};
			isa = PBXBuildStyle;
			name = Deployment;
		};
		690277EC0206057100A8007E = {
			isa = PBXFileReference;
			path = ChangeLog;
			refType = 4;
		};
		690277ED0206057100A8007E = {
			isa = PBXFileReference;
			path = README;
			refType = 4;
		};
		690277EE0206057100A8007E = {
			isa = PBXFileReference;
			path = GNUmakefile;
			refType = 4;
		};
		690277EF0206057100A8007E = {
			isa = PBXFileReference;
			path = common.h;
			refType = 4;
		};
		690277F00206057100A8007E = {
			isa = PBXFileReference;
			path = skyaccountd.m;
			refType = 4;
		};
		690277F10206057100A8007E = {
			isa = PBXFileReference;
			path = DirectAction.h;
			refType = 4;
		};
		690277F20206057100A8007E = {
			isa = PBXFileReference;
			path = DirectAction.m;
			refType = 4;
		};
		690277F30206057100A8007E = {
			isa = PBXFileReference;
			path = "NSObject+EKVC.h";
			refType = 4;
		};
		690277F40206057100A8007E = {
			isa = PBXFileReference;
			path = "NSObject+EKVC.m";
			refType = 4;
		};
		690277F50206057100A8007E = {
			isa = PBXFileReference;
			path = "SkyAccountDocument+XmlRpcCoding.m";
			refType = 4;
		};
		690277F60206057100A8007E = {
			isa = PBXFileReference;
			path = "SkyCompanyDocument+XmlRpcCoding.m";
			refType = 4;
		};
		690277F70206057100A8007E = {
			isa = PBXFileReference;
			path = "SkyPersonDocument+XmlRpcCoding.m";
			refType = 4;
		};
		690277F80206057100A8007E = {
			isa = PBXFileReference;
			path = "SkyTeamDocument+XmlRpcCoding.m";
			refType = 4;
		};
		690277F90206057100A8007E = {
			buildArgumentsString = $ACTION;
			buildPhases = (
			);
			buildSettings = {
				OPTIMIZATION_CFLAGS = "";
				OTHER_CFLAGS = "";
				OTHER_LDFLAGS = "";
				OTHER_REZFLAGS = "";
				PRODUCT_NAME = "gs-skyaccountd";
				SECTORDER_FLAGS = "";
				WARNING_CFLAGS = "-Wmost -Wno-four-char-constants -Wno-unknown-pragmas";
			};
			buildToolPath = /usr/bin/gnumake;
			dependencies = (
			);
			isa = PBXLegacyTarget;
			name = "gs-skyaccountd";
			productName = "gs-skyaccountd";
			settingsToExpand = 6;
			settingsToPassInEnvironment = 287;
			settingsToPassOnCommandLine = 280;
			shouldUseHeadermap = 0;
		};
		690277FC0206066E00A8007E = {
			children = (
				690277FD0206066E00A8007E,
				690277FE0206066E00A8007E,
				690277FF0206066E00A8007E,
			);
			isa = PBXGroup;
			name = python;
			refType = 4;
		};
		690277FD0206066E00A8007E = {
			isa = PBXExecutableFileReference;
			name = add_account.py;
			path = py/add_account.py;
			refType = 4;
		};
		690277FE0206066E00A8007E = {
			isa = PBXExecutableFileReference;
			name = get_account.py;
			path = py/get_account.py;
			refType = 4;
		};
		690277FF0206066E00A8007E = {
			isa = PBXExecutableFileReference;
			name = get_root_account.py;
			path = py/get_root_account.py;
			refType = 4;
		};
	};
	rootObject = 690277E80206050600A8007E;
}
